
Microsoft Visual Studio Solution File, Format Version 11.00
# Visual Studio 2010
Project("{FAE04EC0-301F-11D3-BF4B-00C04F79EFBC}") = "BuyAHouse.Web", "BuyAHouse.Web\BuyAHouse.Web.csproj", "{8DC5CC1F-040A-443C-BBC9-185BEDAECC70}"
EndProject
Project("{FAE04EC0-301F-11D3-BF4B-00C04F79EFBC}") = "BuyAHouse.Contracts", "BuyAHouse.Contracts\BuyAHouse.Contracts.csproj", "{A084FB0C-51D5-4063-B158-F86DA14AB344}"
EndProject
Project("{FAE04EC0-301F-11D3-BF4B-00C04F79EFBC}") = "BuyAHouse.Activities", "BuyAHouse.Activities\BuyAHouse.Activities.csproj", "{90FC24D8-8060-4301-A990-E9C23A9B71A3}"
EndProject
Project("{FAE04EC0-301F-11D3-BF4B-00C04F79EFBC}") = "BuyAHouse.Data", "BuyAHouse.Data\BuyAHouse.Data.csproj", "{77413CEA-6C66-4FAE-9A87-5C6DDDBF2F95}"
EndProject
Global
	GlobalSection(SolutionConfigurationPlatforms) = preSolution
		Debug|Any CPU = Debug|Any CPU
		Release|Any CPU = Release|Any CPU
	EndGlobalSection
	GlobalSection(ProjectConfigurationPlatforms) = postSolution
		{8DC5CC1F-040A-443C-BBC9-185BEDAECC70}.Debug|Any CPU.ActiveCfg = Debug|Any CPU
		{8DC5CC1F-040A-443C-BBC9-185BEDAECC70}.Debug|Any CPU.Build.0 = Debug|Any CPU
		{8DC5CC1F-040A-443C-BBC9-185BEDAECC70}.Release|Any CPU.ActiveCfg = Release|Any CPU
		{8DC5CC1F-040A-443C-BBC9-185BEDAECC70}.Release|Any CPU.Build.0 = Release|Any CPU
		{A084FB0C-51D5-4063-B158-F86DA14AB344}.Debug|Any CPU.ActiveCfg = Debug|Any CPU
		{A084FB0C-51D5-4063-B158-F86DA14AB344}.Debug|Any CPU.Build.0 = Debug|Any CPU
		{A084FB0C-51D5-4063-B158-F86DA14AB344}.Release|Any CPU.ActiveCfg = Release|Any CPU
		{A084FB0C-51D5-4063-B158-F86DA14AB344}.Release|Any CPU.Build.0 = Release|Any CPU
		{90FC24D8-8060-4301-A990-E9C23A9B71A3}.Debug|Any CPU.ActiveCfg = Debug|Any CPU
		{90FC24D8-8060-4301-A990-E9C23A9B71A3}.Debug|Any CPU.Build.0 = Debug|Any CPU
		{90FC24D8-8060-4301-A990-E9C23A9B71A3}.Release|Any CPU.ActiveCfg = Release|Any CPU
		{90FC24D8-8060-4301-A990-E9C23A9B71A3}.Release|Any CPU.Build.0 = Release|Any CPU
		{77413CEA-6C66-4FAE-9A87-5C6DDDBF2F95}.Debug|Any CPU.ActiveCfg = Debug|Any CPU
		{77413CEA-6C66-4FAE-9A87-5C6DDDBF2F95}.Debug|Any CPU.Build.0 = Debug|Any CPU
		{77413CEA-6C66-4FAE-9A87-5C6DDDBF2F95}.Release|Any CPU.ActiveCfg = Release|Any CPU
		{77413CEA-6C66-4FAE-9A87-5C6DDDBF2F95}.Release|Any CPU.Build.0 = Release|Any CPU
	EndGlobalSection
	GlobalSection(SolutionProperties) = preSolution
		HideSolutionNode = FALSE
	EndGlobalSection
EndGlobal
